
Microsoft Visual Studio Solution File, Format Version 12.00
# Visual Studio Version 17
VisualStudioVersion = 17.4.33213.308
MinimumVisualStudioVersion = 10.0.40219.1
Project("{FAE04EC0-301F-11D3-BF4B-00C04F79EFBC}") = "StarDust.CasparCG", "StarDust.CasparCG\StarDust.CasparCG.csproj", "{4A7960EC-44C8-4B03-9140-4872AE58315A}"
EndProject
Project("{FAE04EC0-301F-11D3-BF4B-00C04F79EFBC}") = "StarDust.CasparCG.Hosting", "StarDust.CasparCG.Hosting\StarDust.CasparCG.Hosting.csproj", "{6C843775-8B3D-4512-9FDD-E8574C0E76C5}"
EndProject
Project("{FAE04EC0-301F-11D3-BF4B-00C04F79EFBC}") = "StarDust.CasparCG.UnitTests", "StarDust.CasparCG.UnitTests\StarDust.CasparCG.UnitTests.csproj", "{5ABB0586-4CE8-40F4-9CD8-E59AE9088690}"
EndProject
Project("{FAE04EC0-301F-11D3-BF4B-00C04F79EFBC}") = "StarDust.CasparCG.Protocol.Amcp", "StarDust.CasparCG.Protocol.Amcp\StarDust.CasparCG.Protocol.Amcp.csproj", "{AAC42F23-62A3-43FA-828A-ED671D36BDB9}"
EndProject
Project("{FAE04EC0-301F-11D3-BF4B-00C04F79EFBC}") = "StarDust.CasparCG.Transport", "StarDust.CasparCG.Transport\StarDust.CasparCG.Transport.csproj", "{10A7FA00-DAA0-478F-AD1F-8EAD56985FF4}"
EndProject
Project("{FAE04EC0-301F-11D3-BF4B-00C04F79EFBC}") = "StarDust.CasparCG.Protocol.Osc", "StarDust.CasparCG.Protocol.Osc\StarDust.CasparCG.Protocol.Osc.csproj", "{1BB2B3EB-BD28-46D9-9747-AE47F8DE588A}"
EndProject
Project("{FAE04EC0-301F-11D3-BF4B-00C04F79EFBC}") = "StarDust.CasparCG.Testing", "StarDust.CasparCG.Testing\StarDust.CasparCG.Testing.csproj", "{E50F9BDE-11C6-456A-8857-AA2F06A40843}"
EndProject
Project("{FAE04EC0-301F-11D3-BF4B-00C04F79EFBC}") = "StarDust.CasparCG.IntegrationTests", "StarDust.CasparCG.IntegrationTests\StarDust.CasparCG.IntegrationTests.csproj", "{0AC3ABA5-A661-4E5A-B1D8-F45F75F829F4}"
EndProject
Global
	GlobalSection(SolutionConfigurationPlatforms) = preSolution
		Debug|Any CPU = Debug|Any CPU
		Debug|x64 = Debug|x64
		Debug|x86 = Debug|x86
		Release|Any CPU = Release|Any CPU
		Release|x64 = Release|x64
		Release|x86 = Release|x86
	EndGlobalSection
	GlobalSection(ProjectConfigurationPlatforms) = postSolution
		{4A7960EC-44C8-4B03-9140-4872AE58315A}.Debug|Any CPU.ActiveCfg = Debug|Any CPU
		{4A7960EC-44C8-4B03-9140-4872AE58315A}.Debug|Any CPU.Build.0 = Debug|Any CPU
		{4A7960EC-44C8-4B03-9140-4872AE58315A}.Debug|x64.ActiveCfg = Debug|Any CPU
		{4A7960EC-44C8-4B03-9140-4872AE58315A}.Debug|x64.Build.0 = Debug|Any CPU
		{4A7960EC-44C8-4B03-9140-4872AE58315A}.Debug|x86.ActiveCfg = Debug|Any CPU
		{4A7960EC-44C8-4B03-9140-4872AE58315A}.Debug|x86.Build.0 = Debug|Any CPU
		{4A7960EC-44C8-4B03-9140-4872AE58315A}.Release|Any CPU.ActiveCfg = Release|Any CPU
		{4A7960EC-44C8-4B03-9140-4872AE58315A}.Release|Any CPU.Build.0 = Release|Any CPU
		{4A7960EC-44C8-4B03-9140-4872AE58315A}.Release|x64.ActiveCfg = Release|Any CPU
		{4A7960EC-44C8-4B03-9140-4872AE58315A}.Release|x64.Build.0 = Release|Any CPU
		{4A7960EC-44C8-4B03-9140-4872AE58315A}.Release|x86.ActiveCfg = Release|Any CPU
		{4A7960EC-44C8-4B03-9140-4872AE58315A}.Release|x86.Build.0 = Release|Any CPU
		{6C843775-8B3D-4512-9FDD-E8574C0E76C5}.Debug|Any CPU.ActiveCfg = Debug|Any CPU
		{6C843775-8B3D-4512-9FDD-E8574C0E76C5}.Debug|Any CPU.Build.0 = Debug|Any CPU
		{6C843775-8B3D-4512-9FDD-E8574C0E76C5}.Debug|x64.ActiveCfg = Debug|Any CPU
		{6C843775-8B3D-4512-9FDD-E8574C0E76C5}.Debug|x64.Build.0 = Debug|Any CPU
		{6C843775-8B3D-4512-9FDD-E8574C0E76C5}.Debug|x86.ActiveCfg = Debug|Any CPU
		{6C843775-8B3D-4512-9FDD-E8574C0E76C5}.Debug|x86.Build.0 = Debug|Any CPU
		{6C843775-8B3D-4512-9FDD-E8574C0E76C5}.Release|Any CPU.ActiveCfg = Release|Any CPU
		{6C843775-8B3D-4512-9FDD-E8574C0E76C5}.Release|Any CPU.Build.0 = Release|Any CPU
		{6C843775-8B3D-4512-9FDD-E8574C0E76C5}.Release|x64.ActiveCfg = Release|Any CPU
		{6C843775-8B3D-4512-9FDD-E8574C0E76C5}.Release|x64.Build.0 = Release|Any CPU
		{6C843775-8B3D-4512-9FDD-E8574C0E76C5}.Release|x86.ActiveCfg = Release|Any CPU
		{6C843775-8B3D-4512-9FDD-E8574C0E76C5}.Release|x86.Build.0 = Release|Any CPU
		{5ABB0586-4CE8-40F4-9CD8-E59AE9088690}.Debug|Any CPU.ActiveCfg = Debug|Any CPU
		{5ABB0586-4CE8-40F4-9CD8-E59AE9088690}.Debug|Any CPU.Build.0 = Debug|Any CPU
		{5ABB0586-4CE8-40F4-9CD8-E59AE9088690}.Debug|x64.ActiveCfg = Debug|Any CPU
		{5ABB0586-4CE8-40F4-9CD8-E59AE9088690}.Debug|x64.Build.0 = Debug|Any CPU
		{5ABB0586-4CE8-40F4-9CD8-E59AE9088690}.Debug|x86.ActiveCfg = Debug|Any CPU
		{5ABB0586-4CE8-40F4-9CD8-E59AE9088690}.Debug|x86.Build.0 = Debug|Any CPU
		{5ABB0586-4CE8-40F4-9CD8-E59AE9088690}.Release|Any CPU.ActiveCfg = Release|Any CPU
		{5ABB0586-4CE8-40F4-9CD8-E59AE9088690}.Release|Any CPU.Build.0 = Release|Any CPU
		{5ABB0586-4CE8-40F4-9CD8-E59AE9088690}.Release|x64.ActiveCfg = Release|Any CPU
		{5ABB0586-4CE8-40F4-9CD8-E59AE9088690}.Release|x64.Build.0 = Release|Any CPU
		{5ABB0586-4CE8-40F4-9CD8-E59AE9088690}.Release|x86.ActiveCfg = Release|Any CPU
		{5ABB0586-4CE8-40F4-9CD8-E59AE9088690}.Release|x86.Build.0 = Release|Any CPU
		{AAC42F23-62A3-43FA-828A-ED671D36BDB9}.Debug|Any CPU.ActiveCfg = Debug|Any CPU
		{AAC42F23-62A3-43FA-828A-ED671D36BDB9}.Debug|Any CPU.Build.0 = Debug|Any CPU
		{AAC42F23-62A3-43FA-828A-ED671D36BDB9}.Debug|x64.ActiveCfg = Debug|Any CPU
		{AAC42F23-62A3-43FA-828A-ED671D36BDB9}.Debug|x64.Build.0 = Debug|Any CPU
		{AAC42F23-62A3-43FA-828A-ED671D36BDB9}.Debug|x86.ActiveCfg = Debug|Any CPU
		{AAC42F23-62A3-43FA-828A-ED671D36BDB9}.Debug|x86.Build.0 = Debug|Any CPU
		{AAC42F23-62A3-43FA-828A-ED671D36BDB9}.Release|Any CPU.ActiveCfg = Release|Any CPU
		{AAC42F23-62A3-43FA-828A-ED671D36BDB9}.Release|Any CPU.Build.0 = Release|Any CPU
		{AAC42F23-62A3-43FA-828A-ED671D36BDB9}.Release|x64.ActiveCfg = Release|Any CPU
		{AAC42F23-62A3-43FA-828A-ED671D36BDB9}.Release|x64.Build.0 = Release|Any CPU
		{AAC42F23-62A3-43FA-828A-ED671D36BDB9}.Release|x86.ActiveCfg = Release|Any CPU
		{AAC42F23-62A3-43FA-828A-ED671D36BDB9}.Release|x86.Build.0 = Release|Any CPU
		{10A7FA00-DAA0-478F-AD1F-8EAD56985FF4}.Debug|Any CPU.ActiveCfg = Debug|Any CPU
		{10A7FA00-DAA0-478F-AD1F-8EAD56985FF4}.Debug|Any CPU.Build.0 = Debug|Any CPU
		{10A7FA00-DAA0-478F-AD1F-8EAD56985FF4}.Debug|x64.ActiveCfg = Debug|Any CPU
		{10A7FA00-DAA0-478F-AD1F-8EAD56985FF4}.Debug|x64.Build.0 = Debug|Any CPU
		{10A7FA00-DAA0-478F-AD1F-8EAD56985FF4}.Debug|x86.ActiveCfg = Debug|Any CPU
		{10A7FA00-DAA0-478F-AD1F-8EAD56985FF4}.Debug|x86.Build.0 = Debug|Any CPU
		{10A7FA00-DAA0-478F-AD1F-8EAD56985FF4}.Release|Any CPU.ActiveCfg = Release|Any CPU
		{10A7FA00-DAA0-478F-AD1F-8EAD56985FF4}.Release|Any CPU.Build.0 = Release|Any CPU
		{10A7FA00-DAA0-478F-AD1F-8EAD56985FF4}.Release|x64.ActiveCfg = Release|Any CPU
		{10A7FA00-DAA0-478F-AD1F-8EAD56985FF4}.Release|x64.Build.0 = Release|Any CPU
		{10A7FA00-DAA0-478F-AD1F-8EAD56985FF4}.Release|x86.ActiveCfg = Release|Any CPU
		{10A7FA00-DAA0-478F-AD1F-8EAD56985FF4}.Release|x86.Build.0 = Release|Any CPU
		{1BB2B3EB-BD28-46D9-9747-AE47F8DE588A}.Debug|Any CPU.ActiveCfg = Debug|Any CPU
		{1BB2B3EB-BD28-46D9-9747-AE47F8DE588A}.Debug|Any CPU.Build.0 = Debug|Any CPU
		{1BB2B3EB-BD28-46D9-9747-AE47F8DE588A}.Debug|x64.ActiveCfg = Debug|Any CPU
		{1BB2B3EB-BD28-46D9-9747-AE47F8DE588A}.Debug|x64.Build.0 = Debug|Any CPU
		{1BB2B3EB-BD28-46D9-9747-AE47F8DE588A}.Debug|x86.ActiveCfg = Debug|Any CPU
		{1BB2B3EB-BD28-46D9-9747-AE47F8DE588A}.Debug|x86.Build.0 = Debug|Any CPU
		{1BB2B3EB-BD28-46D9-9747-AE47F8DE588A}.Release|Any CPU.ActiveCfg = Release|Any CPU
		{1BB2B3EB-BD28-46D9-9747-AE47F8DE588A}.Release|Any CPU.Build.0 = Release|Any CPU
		{1BB2B3EB-BD28-46D9-9747-AE47F8DE588A}.Release|x64.ActiveCfg = Release|Any CPU
		{1BB2B3EB-BD28-46D9-9747-AE47F8DE588A}.Release|x64.Build.0 = Release|Any CPU
		{1BB2B3EB-BD28-46D9-9747-AE47F8DE588A}.Release|x86.ActiveCfg = Release|Any CPU
		{1BB2B3EB-BD28-46D9-9747-AE47F8DE588A}.Release|x86.Build.0 = Release|Any CPU
		{E50F9BDE-11C6-456A-8857-AA2F06A40843}.Debug|Any CPU.ActiveCfg = Debug|Any CPU
		{E50F9BDE-11C6-456A-8857-AA2F06A40843}.Debug|Any CPU.Build.0 = Debug|Any CPU
		{E50F9BDE-11C6-456A-8857-AA2F06A40843}.Debug|x64.ActiveCfg = Debug|Any CPU
		{E50F9BDE-11C6-456A-8857-AA2F06A40843}.Debug|x64.Build.0 = Debug|Any CPU
		{E50F9BDE-11C6-456A-8857-AA2F06A40843}.Debug|x86.ActiveCfg = Debug|Any CPU
		{E50F9BDE-11C6-456A-8857-AA2F06A40843}.Debug|x86.Build.0 = Debug|Any CPU
		{E50F9BDE-11C6-456A-8857-AA2F06A40843}.Release|Any CPU.ActiveCfg = Release|Any CPU
		{E50F9BDE-11C6-456A-8857-AA2F06A40843}.Release|Any CPU.Build.0 = Release|Any CPU
		{E50F9BDE-11C6-456A-8857-AA2F06A40843}.Release|x64.ActiveCfg = Release|Any CPU
		{E50F9BDE-11C6-456A-8857-AA2F06A40843}.Release|x64.Build.0 = Release|Any CPU
		{E50F9BDE-11C6-456A-8857-AA2F06A40843}.Release|x86.ActiveCfg = Release|Any CPU
		{E50F9BDE-11C6-456A-8857-AA2F06A40843}.Release|x86.Build.0 = Release|Any CPU
		{0AC3ABA5-A661-4E5A-B1D8-F45F75F829F4}.Debug|Any CPU.ActiveCfg = Debug|Any CPU
		{0AC3ABA5-A661-4E5A-B1D8-F45F75F829F4}.Debug|Any CPU.Build.0 = Debug|Any CPU
		{0AC3ABA5-A661-4E5A-B1D8-F45F75F829F4}.Debug|x64.ActiveCfg = Debug|Any CPU
		{0AC3ABA5-A661-4E5A-B1D8-F45F75F829F4}.Debug|x64.Build.0 = Debug|Any CPU
		{0AC3ABA5-A661-4E5A-B1D8-F45F75F829F4}.Debug|x86.ActiveCfg = Debug|Any CPU
		{0AC3ABA5-A661-4E5A-B1D8-F45F75F829F4}.Debug|x86.Build.0 = Debug|Any CPU
		{0AC3ABA5-A661-4E5A-B1D8-F45F75F829F4}.Release|Any CPU.ActiveCfg = Release|Any CPU
		{0AC3ABA5-A661-4E5A-B1D8-F45F75F829F4}.Release|Any CPU.Build.0 = Release|Any CPU
		{0AC3ABA5-A661-4E5A-B1D8-F45F75F829F4}.Release|x64.ActiveCfg = Release|Any CPU
		{0AC3ABA5-A661-4E5A-B1D8-F45F75F829F4}.Release|x64.Build.0 = Release|Any CPU
		{0AC3ABA5-A661-4E5A-B1D8-F45F75F829F4}.Release|x86.ActiveCfg = Release|Any CPU
		{0AC3ABA5-A661-4E5A-B1D8-F45F75F829F4}.Release|x86.Build.0 = Release|Any CPU
	EndGlobalSection
	GlobalSection(SolutionProperties) = preSolution
		HideSolutionNode = FALSE
	EndGlobalSection
	GlobalSection(ExtensibilityGlobals) = postSolution
		SolutionGuid = {B4A0289A-85E5-4A21-BF4F-1137EB149E02}
	EndGlobalSection
EndGlobal
