
Microsoft Visual Studio Solution File, Format Version 12.00
# Visual Studio 15
VisualStudioVersion = 15.0.28010.2046
MinimumVisualStudioVersion = 10.0.40219.1
Project("{FAE04EC0-301F-11D3-BF4B-00C04F79EFBC}") = "StarDust.CasparCG.Models", "StarDust.CasparCG.Models\StarDust.CasparCG.Models.csproj", "{70932588-C180-4B2E-933F-BB5ADEEB8B34}"
EndProject
Global
	GlobalSection(SolutionConfigurationPlatforms) = preSolution
		Debug|Any CPU = Debug|Any CPU
		Release|Any CPU = Release|Any CPU
	EndGlobalSection
	GlobalSection(ProjectConfigurationPlatforms) = postSolution
		{70932588-C180-4B2E-933F-BB5ADEEB8B34}.Debug|Any CPU.ActiveCfg = Debug|Any CPU
		{70932588-C180-4B2E-933F-BB5ADEEB8B34}.Debug|Any CPU.Build.0 = Debug|Any CPU
		{70932588-C180-4B2E-933F-BB5ADEEB8B34}.Release|Any CPU.ActiveCfg = Release|Any CPU
		{70932588-C180-4B2E-933F-BB5ADEEB8B34}.Release|Any CPU.Build.0 = Release|Any CPU
	EndGlobalSection
	GlobalSection(SolutionProperties) = preSolution
		HideSolutionNode = FALSE
	EndGlobalSection
	GlobalSection(ExtensibilityGlobals) = postSolution
		SolutionGuid = {B4A0289A-85E5-4A21-BF4F-1137EB149E02}
	EndGlobalSection
EndGlobal
